// !$*UTF8*$!
{
	archiveVersion = 1;
	classes = {
	};
	objectVersion = 50;
	objects = {

/* Begin PBXBuildFile section */
		884FB96D247EF3E900B23B6F /* CategoryTableViewController.swift in Sources */ = {isa = PBXBuildFile; fileRef = 884FB96C247EF3E900B23B6F /* CategoryTableViewController.swift */; };
		B73BF58023FACF920016D3A0 /* DataModel.xcdatamodeld in Sources */ = {isa = PBXBuildFile; fileRef = B73BF57E23FACF920016D3A0 /* DataModel.xcdatamodeld */; };
		B795302923E99E1400F7C7EF /* AppDelegate.swift in Sources */ = {isa = PBXBuildFile; fileRef = B795302823E99E1400F7C7EF /* AppDelegate.swift */; };
		B795302B23E99E1400F7C7EF /* TodoListViewController.swift in Sources */ = {isa = PBXBuildFile; fileRef = B795302A23E99E1400F7C7EF /* TodoListViewController.swift */; };
		B795302E23E99E1400F7C7EF /* Main.storyboard in Resources */ = {isa = PBXBuildFile; fileRef = B795302C23E99E1400F7C7EF /* Main.storyboard */; };
		B795303023E99E1500F7C7EF /* Assets.xcassets in Resources */ = {isa = PBXBuildFile; fileRef = B795302F23E99E1500F7C7EF /* Assets.xcassets */; };
		B795303323E99E1500F7C7EF /* LaunchScreen.storyboard in Resources */ = {isa = PBXBuildFile; fileRef = B795303123E99E1500F7C7EF /* LaunchScreen.storyboard */; };
/* End PBXBuildFile section */

/* Begin PBXFileReference section */
		884FB96C247EF3E900B23B6F /* CategoryTableViewController.swift */ = {isa = PBXFileReference; lastKnownFileType = sourcecode.swift; path = CategoryTableViewController.swift; sourceTree = "<group>"; };
		B73BF57F23FACF920016D3A0 /* DataModel.xcdatamodel */ = {isa = PBXFileReference; lastKnownFileType = wrapper.xcdatamodel; path = DataModel.xcdatamodel; sourceTree = "<group>"; };
		B795302523E99E1400F7C7EF /* Todoey.app */ = {isa = PBXFileReference; explicitFileType = wrapper.application; includeInIndex = 0; path = Todoey.app; sourceTree = BUILT_PRODUCTS_DIR; };
		B795302823E99E1400F7C7EF /* AppDelegate.swift */ = {isa = PBXFileReference; lastKnownFileType = sourcecode.swift; path = AppDelegate.swift; sourceTree = "<group>"; };
		B795302A23E99E1400F7C7EF /* TodoListViewController.swift */ = {isa = PBXFileReference; lastKnownFileType = sourcecode.swift; path = TodoListViewController.swift; sourceTree = "<group>"; };
		B795302D23E99E1400F7C7EF /* Base */ = {isa = PBXFileReference; lastKnownFileType = file.storyboard; name = Base; path = Base.lproj/Main.storyboard; sourceTree = "<group>"; };
		B795302F23E99E1500F7C7EF /* Assets.xcassets */ = {isa = PBXFileReference; lastKnownFileType = folder.assetcatalog; path = Assets.xcassets; sourceTree = "<group>"; };
		B795303223E99E1500F7C7EF /* Base */ = {isa = PBXFileReference; lastKnownFileType = file.storyboard; name = Base; path = Base.lproj/LaunchScreen.storyboard; sourceTree = "<group>"; };
		B795303423E99E1500F7C7EF /* Info.plist */ = {isa = PBXFileReference; lastKnownFileType = text.plist.xml; path = Info.plist; sourceTree = "<group>"; };
/* End PBXFileReference section */

/* Begin PBXFrameworksBuildPhase section */
		B795302223E99E1400F7C7EF /* Frameworks */ = {
			isa = PBXFrameworksBuildPhase;
			buildActionMask = 2147483647;
			files = (
			);
			runOnlyForDeploymentPostprocessing = 0;
		};
/* End PBXFrameworksBuildPhase section */

/* Begin PBXGroup section */
		8800120B247EBB8A00B2E82A /* App */ = {
			isa = PBXGroup;
			children = (
				B795302823E99E1400F7C7EF /* AppDelegate.swift */,
				B78B5BF623ED88EA002DDC12 /* SuportingFiles */,
			);
			path = App;
			sourceTree = "<group>";
		};
		8800120D247EBBB600B2E82A /* features */ = {
			isa = PBXGroup;
			children = (
				B78B5BF323ED88AA002DDC12 /* Model */,
				B78B5BF523ED88DB002DDC12 /* View */,
				B78B5BF423ED88CD002DDC12 /* Controller */,
			);
			path = features;
			sourceTree = "<group>";
		};
		B78B5BF323ED88AA002DDC12 /* Model */ = {
			isa = PBXGroup;
			children = (
				B73BF57E23FACF920016D3A0 /* DataModel.xcdatamodeld */,
			);
			path = Model;
			sourceTree = "<group>";
		};
		B78B5BF423ED88CD002DDC12 /* Controller */ = {
			isa = PBXGroup;
			children = (
				884FB96C247EF3E900B23B6F /* CategoryTableViewController.swift */,
				B795302A23E99E1400F7C7EF /* TodoListViewController.swift */,
			);
			path = Controller;
			sourceTree = "<group>";
		};
		B78B5BF523ED88DB002DDC12 /* View */ = {
			isa = PBXGroup;
			children = (
				B795303123E99E1500F7C7EF /* LaunchScreen.storyboard */,
				B795302C23E99E1400F7C7EF /* Main.storyboard */,
			);
			path = View;
			sourceTree = "<group>";
		};
		B78B5BF623ED88EA002DDC12 /* SuportingFiles */ = {
			isa = PBXGroup;
			children = (
				B795302F23E99E1500F7C7EF /* Assets.xcassets */,
				B795303423E99E1500F7C7EF /* Info.plist */,
			);
			path = SuportingFiles;
			sourceTree = "<group>";
		};
		B795301C23E99E1400F7C7EF = {
			isa = PBXGroup;
			children = (
				B795302723E99E1400F7C7EF /* Todoey */,
				B795302623E99E1400F7C7EF /* Products */,
			);
			sourceTree = "<group>";
		};
		B795302623E99E1400F7C7EF /* Products */ = {
			isa = PBXGroup;
			children = (
				B795302523E99E1400F7C7EF /* Todoey.app */,
			);
			name = Products;
			sourceTree = "<group>";
		};
		B795302723E99E1400F7C7EF /* Todoey */ = {
			isa = PBXGroup;
			children = (
				8800120B247EBB8A00B2E82A /* App */,
				8800120D247EBBB600B2E82A /* features */,
			);
			path = Todoey;
			sourceTree = "<group>";
		};
/* End PBXGroup section */

/* Begin PBXNativeTarget section */
		B795302423E99E1400F7C7EF /* Todoey */ = {
			isa = PBXNativeTarget;
			buildConfigurationList = B795303723E99E1500F7C7EF /* Build configuration list for PBXNativeTarget "Todoey" */;
			buildPhases = (
				B795302123E99E1400F7C7EF /* Sources */,
				B795302223E99E1400F7C7EF /* Frameworks */,
				B795302323E99E1400F7C7EF /* Resources */,
			);
			buildRules = (
			);
			dependencies = (
			);
			name = Todoey;
			productName = Todoey;
			productReference = B795302523E99E1400F7C7EF /* Todoey.app */;
			productType = "com.apple.product-type.application";
		};
/* End PBXNativeTarget section */

/* Begin PBXProject section */
		B795301D23E99E1400F7C7EF /* Project object */ = {
			isa = PBXProject;
			attributes = {
				LastSwiftUpdateCheck = 1010;
				LastUpgradeCheck = 1010;
				ORGANIZATIONNAME = "Vitor Canevari Spessoto";
				TargetAttributes = {
					B795302423E99E1400F7C7EF = {
						CreatedOnToolsVersion = 10.1;
					};
				};
			};
			buildConfigurationList = B795302023E99E1400F7C7EF /* Build configuration list for PBXProject "Todoey" */;
			compatibilityVersion = "Xcode 9.3";
			developmentRegion = en;
			hasScannedForEncodings = 0;
			knownRegions = (
				en,
				Base,
			);
			mainGroup = B795301C23E99E1400F7C7EF;
			productRefGroup = B795302623E99E1400F7C7EF /* Products */;
			projectDirPath = "";
			projectRoot = "";
			targets = (
				B795302423E99E1400F7C7EF /* Todoey */,
			);
		};
/* End PBXProject section */

/* Begin PBXResourcesBuildPhase section */
		B795302323E99E1400F7C7EF /* Resources */ = {
			isa = PBXResourcesBuildPhase;
			buildActionMask = 2147483647;
			files = (
				B795303323E99E1500F7C7EF /* LaunchScreen.storyboard in Resources */,
				B795303023E99E1500F7C7EF /* Assets.xcassets in Resources */,
				B795302E23E99E1400F7C7EF /* Main.storyboard in Resources */,
			);
			runOnlyForDeploymentPostprocessing = 0;
		};
/* End PBXResourcesBuildPhase section */

/* Begin PBXSourcesBuildPhase section */
		B795302123E99E1400F7C7EF /* Sources */ = {
			isa = PBXSourcesBuildPhase;
			buildActionMask = 2147483647;
			files = (
				B795302B23E99E1400F7C7EF /* TodoListViewController.swift in Sources */,
				B73BF58023FACF920016D3A0 /* DataModel.xcdatamodeld in Sources */,
				B795302923E99E1400F7C7EF /* AppDelegate.swift in Sources */,
				884FB96D247EF3E900B23B6F /* CategoryTableViewController.swift in Sources */,
			);
			runOnlyForDeploymentPostprocessing = 0;
		};
/* End PBXSourcesBuildPhase section */

/* Begin PBXVariantGroup section */
		B795302C23E99E1400F7C7EF /* Main.storyboard */ = {
			isa = PBXVariantGroup;
			children = (
				B795302D23E99E1400F7C7EF /* Base */,
			);
			name = Main.storyboard;
			sourceTree = "<group>";
		};
		B795303123E99E1500F7C7EF /* LaunchScreen.storyboard */ = {
			isa = PBXVariantGroup;
			children = (
				B795303223E99E1500F7C7EF /* Base */,
			);
			name = LaunchScreen.storyboard;
			sourceTree = "<group>";
		};
/* End PBXVariantGroup section */

/* Begin XCBuildConfiguration section */
		B795303523E99E1500F7C7EF /* Debug */ = {
			isa = XCBuildConfiguration;
			buildSettings = {
				ALWAYS_SEARCH_USER_PATHS = NO;
				CLANG_ANALYZER_NONNULL = YES;
				CLANG_ANALYZER_NUMBER_OBJECT_CONVERSION = YES_AGGRESSIVE;
				CLANG_CXX_LANGUAGE_STANDARD = "gnu++14";
				CLANG_CXX_LIBRARY = "libc++";
				CLANG_ENABLE_MODULES = YES;
				CLANG_ENABLE_OBJC_ARC = YES;
				CLANG_ENABLE_OBJC_WEAK = YES;
				CLANG_WARN_BLOCK_CAPTURE_AUTORELEASING = YES;
				CLANG_WARN_BOOL_CONVERSION = YES;
				CLANG_WARN_COMMA = YES;
				CLANG_WARN_CONSTANT_CONVERSION = YES;
				CLANG_WARN_DEPRECATED_OBJC_IMPLEMENTATIONS = YES;
				CLANG_WARN_DIRECT_OBJC_ISA_USAGE = YES_ERROR;
				CLANG_WARN_DOCUMENTATION_COMMENTS = YES;
				CLANG_WARN_EMPTY_BODY = YES;
				CLANG_WARN_ENUM_CONVERSION = YES;
				CLANG_WARN_INFINITE_RECURSION = YES;
				CLANG_WARN_INT_CONVERSION = YES;
				CLANG_WARN_NON_LITERAL_NULL_CONVERSION = YES;
				CLANG_WARN_OBJC_IMPLICIT_RETAIN_SELF = YES;
				CLANG_WARN_OBJC_LITERAL_CONVERSION = YES;
				CLANG_WARN_OBJC_ROOT_CLASS = YES_ERROR;
				CLANG_WARN_RANGE_LOOP_ANALYSIS = YES;
				CLANG_WARN_STRICT_PROTOTYPES = YES;
				CLANG_WARN_SUSPICIOUS_MOVE = YES;
				CLANG_WARN_UNGUARDED_AVAILABILITY = YES_AGGRESSIVE;
				CLANG_WARN_UNREACHABLE_CODE = YES;
				CLANG_WARN__DUPLICATE_METHOD_MATCH = YES;
				CODE_SIGN_IDENTITY = "iPhone Developer";
				COPY_PHASE_STRIP = NO;
				DEBUG_INFORMATION_FORMAT = dwarf;
				ENABLE_STRICT_OBJC_MSGSEND = YES;
				ENABLE_TESTABILITY = YES;
				GCC_C_LANGUAGE_STANDARD = gnu11;
				GCC_DYNAMIC_NO_PIC = NO;
				GCC_NO_COMMON_BLOCKS = YES;
				GCC_OPTIMIZATION_LEVEL = 0;
				GCC_PREPROCESSOR_DEFINITIONS = (
					"DEBUG=1",
					"$(inherited)",
				);
				GCC_WARN_64_TO_32_BIT_CONVERSION = YES;
				GCC_WARN_ABOUT_RETURN_TYPE = YES_ERROR;
				GCC_WARN_UNDECLARED_SELECTOR = YES;
				GCC_WARN_UNINITIALIZED_AUTOS = YES_AGGRESSIVE;
				GCC_WARN_UNUSED_FUNCTION = YES;
				GCC_WARN_UNUSED_VARIABLE = YES;
				IPHONEOS_DEPLOYMENT_TARGET = 12.1;
				MTL_ENABLE_DEBUG_INFO = INCLUDE_SOURCE;
				MTL_FAST_MATH = YES;
				ONLY_ACTIVE_ARCH = YES;
				SDKROOT = iphoneos;
				SWIFT_ACTIVE_COMPILATION_CONDITIONS = DEBUG;
				SWIFT_OPTIMIZATION_LEVEL = "-Onone";
			};
			name = Debug;
		};
		B795303623E99E1500F7C7EF /* Release */ = {
			isa = XCBuildConfiguration;
			buildSettings = {
				ALWAYS_SEARCH_USER_PATHS = NO;
				CLANG_ANALYZER_NONNULL = YES;
				CLANG_ANALYZER_NUMBER_OBJECT_CONVERSION = YES_AGGRESSIVE;
				CLANG_CXX_LANGUAGE_STANDARD = "gnu++14";
				CLANG_CXX_LIBRARY = "libc++";
				CLANG_ENABLE_MODULES = YES;
				CLANG_ENABLE_OBJC_ARC = YES;
				CLANG_ENABLE_OBJC_WEAK = YES;
				CLANG_WARN_BLOCK_CAPTURE_AUTORELEASING = YES;
				CLANG_WARN_BOOL_CONVERSION = YES;
				CLANG_WARN_COMMA = YES;
				CLANG_WARN_CONSTANT_CONVERSION = YES;
				CLANG_WARN_DEPRECATED_OBJC_IMPLEMENTATIONS = YES;
				CLANG_WARN_DIRECT_OBJC_ISA_USAGE = YES_ERROR;
				CLANG_WARN_DOCUMENTATION_COMMENTS = YES;
				CLANG_WARN_EMPTY_BODY = YES;
				CLANG_WARN_ENUM_CONVERSION = YES;
				CLANG_WARN_INFINITE_RECURSION = YES;
				CLANG_WARN_INT_CONVERSION = YES;
				CLANG_WARN_NON_LITERAL_NULL_CONVERSION = YES;
				CLANG_WARN_OBJC_IMPLICIT_RETAIN_SELF = YES;
				CLANG_WARN_OBJC_LITERAL_CONVERSION = YES;
				CLANG_WARN_OBJC_ROOT_CLASS = YES_ERROR;
				CLANG_WARN_RANGE_LOOP_ANALYSIS = YES;
				CLANG_WARN_STRICT_PROTOTYPES = YES;
				CLANG_WARN_SUSPICIOUS_MOVE = YES;
				CLANG_WARN_UNGUARDED_AVAILABILITY = YES_AGGRESSIVE;
				CLANG_WARN_UNREACHABLE_CODE = YES;
				CLANG_WARN__DUPLICATE_METHOD_MATCH = YES;
				CODE_SIGN_IDENTITY = "iPhone Developer";
				COPY_PHASE_STRIP = NO;
				DEBUG_INFORMATION_FORMAT = "dwarf-with-dsym";
				ENABLE_NS_ASSERTIONS = NO;
				ENABLE_STRICT_OBJC_MSGSEND = YES;
				GCC_C_LANGUAGE_STANDARD = gnu11;
				GCC_NO_COMMON_BLOCKS = YES;
				GCC_WARN_64_TO_32_BIT_CONVERSION = YES;
				GCC_WARN_ABOUT_RETURN_TYPE = YES_ERROR;
				GCC_WARN_UNDECLARED_SELECTOR = YES;
				GCC_WARN_UNINITIALIZED_AUTOS = YES_AGGRESSIVE;
				GCC_WARN_UNUSED_FUNCTION = YES;
				GCC_WARN_UNUSED_VARIABLE = YES;
				IPHONEOS_DEPLOYMENT_TARGET = 12.1;
				MTL_ENABLE_DEBUG_INFO = NO;
				MTL_FAST_MATH = YES;
				SDKROOT = iphoneos;
				SWIFT_COMPILATION_MODE = wholemodule;
				SWIFT_OPTIMIZATION_LEVEL = "-O";
				VALIDATE_PRODUCT = YES;
			};
			name = Release;
		};
		B795303823E99E1500F7C7EF /* Debug */ = {
			isa = XCBuildConfiguration;
			buildSettings = {
				ASSETCATALOG_COMPILER_APPICON_NAME = AppIcon;
				CODE_SIGN_STYLE = Automatic;
				DEVELOPMENT_TEAM = 69KP7AWB28;
				INFOPLIST_FILE = Todoey/App/SuportingFiles/Info.plist;
				LD_RUNPATH_SEARCH_PATHS = (
					"$(inherited)",
					"@executable_path/Frameworks",
				);
				PRODUCT_BUNDLE_IDENTIFIER = www.VitorSpessoto.com.Todoey;
				PRODUCT_NAME = "$(TARGET_NAME)";
				SWIFT_VERSION = 4.2;
				TARGETED_DEVICE_FAMILY = "1,2";
			};
			name = Debug;
		};
		B795303923E99E1500F7C7EF /* Release */ = {
			isa = XCBuildConfiguration;
			buildSettings = {
				ASSETCATALOG_COMPILER_APPICON_NAME = AppIcon;
				CODE_SIGN_STYLE = Automatic;
				DEVELOPMENT_TEAM = 69KP7AWB28;
				INFOPLIST_FILE = Todoey/App/SuportingFiles/Info.plist;
				LD_RUNPATH_SEARCH_PATHS = (
					"$(inherited)",
					"@executable_path/Frameworks",
				);
				PRODUCT_BUNDLE_IDENTIFIER = www.VitorSpessoto.com.Todoey;
				PRODUCT_NAME = "$(TARGET_NAME)";
				SWIFT_VERSION = 4.2;
				TARGETED_DEVICE_FAMILY = "1,2";
			};
			name = Release;
		};
/* End XCBuildConfiguration section */

/* Begin XCConfigurationList section */
		B795302023E99E1400F7C7EF /* Build configuration list for PBXProject "Todoey" */ = {
			isa = XCConfigurationList;
			buildConfigurations = (
				B795303523E99E1500F7C7EF /* Debug */,
				B795303623E99E1500F7C7EF /* Release */,
			);
			defaultConfigurationIsVisible = 0;
			defaultConfigurationName = Release;
		};
		B795303723E99E1500F7C7EF /* Build configuration list for PBXNativeTarget "Todoey" */ = {
			isa = XCConfigurationList;
			buildConfigurations = (
				B795303823E99E1500F7C7EF /* Debug */,
				B795303923E99E1500F7C7EF /* Release */,
			);
			defaultConfigurationIsVisible = 0;
			defaultConfigurationName = Release;
		};
/* End XCConfigurationList section */

/* Begin XCVersionGroup section */
		B73BF57E23FACF920016D3A0 /* DataModel.xcdatamodeld */ = {
			isa = XCVersionGroup;
			children = (
				B73BF57F23FACF920016D3A0 /* DataModel.xcdatamodel */,
			);
			currentVersion = B73BF57F23FACF920016D3A0 /* DataModel.xcdatamodel */;
			path = DataModel.xcdatamodeld;
			sourceTree = "<group>";
			versionGroupType = wrapper.xcdatamodel;
		};
/* End XCVersionGroup section */
	};
	rootObject = B795301D23E99E1400F7C7EF /* Project object */;
}
